
Microsoft Visual Studio Solution File, Format Version 12.00
# Visual Studio Version 17
VisualStudioVersion = 17.14.36414.22
MinimumVisualStudioVersion = 10.0.40219.1
Project("{FAE04EC0-301F-11D3-BF4B-00C04F79EFBC}") = "PruebaTecnica", "PruebaTecnica\PruebaTecnica.csproj", "{68C15ED0-3345-4E24-8D71-4E384155D72C}"
EndProject
Project("{FAE04EC0-301F-11D3-BF4B-00C04F79EFBC}") = "PruebaTecnica.Tests", "PruebaTecnica.Tests\PruebaTecnica.Tests.csproj", "{C8D7096D-4B5C-4855-BA8E-B9751F628B73}"
EndProject
Global
	GlobalSection(SolutionConfigurationPlatforms) = preSolution
		Debug|Any CPU = Debug|Any CPU
		Debug|x64 = Debug|x64
		Debug|x86 = Debug|x86
		Release|Any CPU = Release|Any CPU
		Release|x64 = Release|x64
		Release|x86 = Release|x86
	EndGlobalSection
	GlobalSection(ProjectConfigurationPlatforms) = postSolution
		{68C15ED0-3345-4E24-8D71-4E384155D72C}.Debug|Any CPU.ActiveCfg = Debug|Any CPU
		{68C15ED0-3345-4E24-8D71-4E384155D72C}.Debug|Any CPU.Build.0 = Debug|Any CPU
		{68C15ED0-3345-4E24-8D71-4E384155D72C}.Debug|x64.ActiveCfg = Debug|Any CPU
		{68C15ED0-3345-4E24-8D71-4E384155D72C}.Debug|x64.Build.0 = Debug|Any CPU
		{68C15ED0-3345-4E24-8D71-4E384155D72C}.Debug|x86.ActiveCfg = Debug|Any CPU
		{68C15ED0-3345-4E24-8D71-4E384155D72C}.Debug|x86.Build.0 = Debug|Any CPU
		{68C15ED0-3345-4E24-8D71-4E384155D72C}.Release|Any CPU.ActiveCfg = Release|Any CPU
		{68C15ED0-3345-4E24-8D71-4E384155D72C}.Release|Any CPU.Build.0 = Release|Any CPU
		{68C15ED0-3345-4E24-8D71-4E384155D72C}.Release|x64.ActiveCfg = Release|Any CPU
		{68C15ED0-3345-4E24-8D71-4E384155D72C}.Release|x64.Build.0 = Release|Any CPU
		{68C15ED0-3345-4E24-8D71-4E384155D72C}.Release|x86.ActiveCfg = Release|Any CPU
		{68C15ED0-3345-4E24-8D71-4E384155D72C}.Release|x86.Build.0 = Release|Any CPU
		{C8D7096D-4B5C-4855-BA8E-B9751F628B73}.Debug|Any CPU.ActiveCfg = Debug|Any CPU
		{C8D7096D-4B5C-4855-BA8E-B9751F628B73}.Debug|Any CPU.Build.0 = Debug|Any CPU
		{C8D7096D-4B5C-4855-BA8E-B9751F628B73}.Debug|x64.ActiveCfg = Debug|Any CPU
		{C8D7096D-4B5C-4855-BA8E-B9751F628B73}.Debug|x64.Build.0 = Debug|Any CPU
		{C8D7096D-4B5C-4855-BA8E-B9751F628B73}.Debug|x86.ActiveCfg = Debug|Any CPU
		{C8D7096D-4B5C-4855-BA8E-B9751F628B73}.Debug|x86.Build.0 = Debug|Any CPU
		{C8D7096D-4B5C-4855-BA8E-B9751F628B73}.Release|Any CPU.ActiveCfg = Release|Any CPU
		{C8D7096D-4B5C-4855-BA8E-B9751F628B73}.Release|Any CPU.Build.0 = Release|Any CPU
		{C8D7096D-4B5C-4855-BA8E-B9751F628B73}.Release|x64.ActiveCfg = Release|Any CPU
		{C8D7096D-4B5C-4855-BA8E-B9751F628B73}.Release|x64.Build.0 = Release|Any CPU
		{C8D7096D-4B5C-4855-BA8E-B9751F628B73}.Release|x86.ActiveCfg = Release|Any CPU
		{C8D7096D-4B5C-4855-BA8E-B9751F628B73}.Release|x86.Build.0 = Release|Any CPU
	EndGlobalSection
	GlobalSection(SolutionProperties) = preSolution
		HideSolutionNode = FALSE
	EndGlobalSection
	GlobalSection(ExtensibilityGlobals) = postSolution
		SolutionGuid = {65E00BD2-43D2-4E9E-B9DB-4C2B4ABC6D8D}
	EndGlobalSection
EndGlobal
